
Microsoft Visual Studio Solution File, Format Version 12.00
# Visual Studio Version 17
VisualStudioVersion = 17.6.33829.357
MinimumVisualStudioVersion = 10.0.40219.1
Project("{FAE04EC0-301F-11D3-BF4B-00C04F79EFBC}") = "ManagerCompCentr", "ManagerCompCentr\ManagerCompCentr.csproj", "{9AF62CEB-61C2-4020-BFB0-72E1E682D650}"
EndProject
Global
	GlobalSection(SolutionConfigurationPlatforms) = preSolution
		Debug|Any CPU = Debug|Any CPU
		Release|Any CPU = Release|Any CPU
	EndGlobalSection
	GlobalSection(ProjectConfigurationPlatforms) = postSolution
		{9AF62CEB-61C2-4020-BFB0-72E1E682D650}.Debug|Any CPU.ActiveCfg = Debug|Any CPU
		{9AF62CEB-61C2-4020-BFB0-72E1E682D650}.Debug|Any CPU.Build.0 = Debug|Any CPU
		{9AF62CEB-61C2-4020-BFB0-72E1E682D650}.Release|Any CPU.ActiveCfg = Release|Any CPU
		{9AF62CEB-61C2-4020-BFB0-72E1E682D650}.Release|Any CPU.Build.0 = Release|Any CPU
	EndGlobalSection
	GlobalSection(SolutionProperties) = preSolution
		HideSolutionNode = FALSE
	EndGlobalSection
	GlobalSection(ExtensibilityGlobals) = postSolution
		SolutionGuid = {19386677-ECF8-455D-B1FC-5421BCBC3B00}
	EndGlobalSection
EndGlobal
